{
  "name": "oso-js-dicts",
  "version": "1.0.0",
  "lockfileVersion": 1,
  "requires": true,
  "dependencies": {
    "oso": {
      "version": "0.21.0",
      "resolved": "https://registry.npmjs.org/oso/-/oso-0.21.0.tgz",
      "integrity": "sha512-kFcE1EibxNdEI5E0rp0RCKnEbX/iAATDYIe5IFvw7HL6+nCz+TNse4P4WHeKFfgn70V4mxm9Ecbs/lIiI2ED8Q=="
    }
  }
}
